
Microsoft Visual Studio Solution File, Format Version 12.00
# Visual Studio Version 17
VisualStudioVersion = 17.1.32319.34
MinimumVisualStudioVersion = 10.0.40219.1
Project("{888888A0-9F3D-457C-B088-3A5042F75D52}") = "refresh_one", "refresh_one\refresh_one.pyproj", "{97DFCD65-08BF-49A8-AFDE-85048A046BB7}"
EndProject
Global
	GlobalSection(SolutionConfigurationPlatforms) = preSolution
		Debug|Any CPU = Debug|Any CPU
		Release|Any CPU = Release|Any CPU
	EndGlobalSection
	GlobalSection(ProjectConfigurationPlatforms) = postSolution
		{97DFCD65-08BF-49A8-AFDE-85048A046BB7}.Debug|Any CPU.ActiveCfg = Debug|Any CPU
		{97DFCD65-08BF-49A8-AFDE-85048A046BB7}.Release|Any CPU.ActiveCfg = Release|Any CPU
	EndGlobalSection
	GlobalSection(SolutionProperties) = preSolution
		HideSolutionNode = FALSE
	EndGlobalSection
	GlobalSection(ExtensibilityGlobals) = postSolution
		SolutionGuid = {282701FE-8C1D-49DE-9D84-55A72416F400}
	EndGlobalSection
EndGlobal
